// !$*UTF8*$!
{
	archiveVersion = 1;
	classes = {
	};
	objectVersion = 77;
	objects = {

/* Begin PBXBuildFile section */
		C536C6D12D9DF464003F5180 /* main.swift in Sources */ = {isa = PBXBuildFile; fileRef = C536C6CF2D9DF464003F5180 /* main.swift */; };
		C536C6D82D9DF50A003F5180 /* BadEmployeeManager.swift in Sources */ = {isa = PBXBuildFile; fileRef = C536C6D72D9DF509003F5180 /* BadEmployeeManager.swift */; };
		C536C6DD2D9E0373003F5180 /* Employee.swift in Sources */ = {isa = PBXBuildFile; fileRef = C536C6DC2D9E0369003F5180 /* Employee.swift */; };
		C536C6DF2D9E0697003F5180 /* SalaryCalculator.swift in Sources */ = {isa = PBXBuildFile; fileRef = C536C6DE2D9E0693003F5180 /* SalaryCalculator.swift */; };
		C536C6E12D9E07B2003F5180 /* EmployeeRepository.swift in Sources */ = {isa = PBXBuildFile; fileRef = C536C6E02D9E07B0003F5180 /* EmployeeRepository.swift */; };
		C536C6E32D9E07D3003F5180 /* EmployeeReportGenerator.swift in Sources */ = {isa = PBXBuildFile; fileRef = C536C6E22D9E07D1003F5180 /* EmployeeReportGenerator.swift */; };
		C536C72D2DA0A13C003F5180 /* BadDiscountCalculator.swift in Sources */ = {isa = PBXBuildFile; fileRef = C536C72C2DA0A137003F5180 /* BadDiscountCalculator.swift */; };
		C536C7322DA0C672003F5180 /* Product.swift in Sources */ = {isa = PBXBuildFile; fileRef = C536C7312DA0C672003F5180 /* Product.swift */; };
		C536C7342DA0C6BD003F5180 /* Book.swift in Sources */ = {isa = PBXBuildFile; fileRef = C536C7332DA0C6BA003F5180 /* Book.swift */; };
		C536C7362DA0C6F6003F5180 /* Electronic.swift in Sources */ = {isa = PBXBuildFile; fileRef = C536C7352DA0C6F2003F5180 /* Electronic.swift */; };
		C536C7382DA0C747003F5180 /* Food.swift in Sources */ = {isa = PBXBuildFile; fileRef = C536C7372DA0C745003F5180 /* Food.swift */; };
		C536C73A2DA0C7CB003F5180 /* DiscountCalculator.swift in Sources */ = {isa = PBXBuildFile; fileRef = C536C7392DA0C7CA003F5180 /* DiscountCalculator.swift */; };
		C5472EF22DA35C440072728A /* BadRectangle.swift in Sources */ = {isa = PBXBuildFile; fileRef = C5472EF12DA35C400072728A /* BadRectangle.swift */; };
		C5472EF42DA35CE40072728A /* Shape.swift in Sources */ = {isa = PBXBuildFile; fileRef = C5472EF32DA35CE20072728A /* Shape.swift */; };
		C5472EF62DA35D000072728A /* Rectangle.swift in Sources */ = {isa = PBXBuildFile; fileRef = C5472EF52DA35CFC0072728A /* Rectangle.swift */; };
		C5472EF82DA35D620072728A /* Square.swift in Sources */ = {isa = PBXBuildFile; fileRef = C5472EF72DA35D5F0072728A /* Square.swift */; };
		C5CDAC992DA4B971004A0CE6 /* BadExemple.swift in Sources */ = {isa = PBXBuildFile; fileRef = C5CDAC982DA4B96A004A0CE6 /* BadExemple.swift */; };
		C5CDAC9D2DA4B9AE004A0CE6 /* CorrectExemple.swift in Sources */ = {isa = PBXBuildFile; fileRef = C5CDAC9C2DA4B9AA004A0CE6 /* CorrectExemple.swift */; };
/* End PBXBuildFile section */

/* Begin PBXCopyFilesBuildPhase section */
		C536C6C12D9DF377003F5180 /* CopyFiles */ = {
			isa = PBXCopyFilesBuildPhase;
			buildActionMask = 2147483647;
			dstPath = /usr/share/man/man1/;
			dstSubfolderSpec = 0;
			files = (
			);
			runOnlyForDeploymentPostprocessing = 1;
		};
/* End PBXCopyFilesBuildPhase section */

/* Begin PBXFileReference section */
		C536C6C32D9DF377003F5180 /* SOLIDCourse */ = {isa = PBXFileReference; explicitFileType = "compiled.mach-o.executable"; includeInIndex = 0; path = SOLIDCourse; sourceTree = BUILT_PRODUCTS_DIR; };
		C536C6CF2D9DF464003F5180 /* main.swift */ = {isa = PBXFileReference; lastKnownFileType = sourcecode.swift; path = main.swift; sourceTree = "<group>"; };
		C536C6D72D9DF509003F5180 /* BadEmployeeManager.swift */ = {isa = PBXFileReference; lastKnownFileType = sourcecode.swift; path = BadEmployeeManager.swift; sourceTree = "<group>"; };
		C536C6DC2D9E0369003F5180 /* Employee.swift */ = {isa = PBXFileReference; lastKnownFileType = sourcecode.swift; path = Employee.swift; sourceTree = "<group>"; };
		C536C6DE2D9E0693003F5180 /* SalaryCalculator.swift */ = {isa = PBXFileReference; lastKnownFileType = sourcecode.swift; path = SalaryCalculator.swift; sourceTree = "<group>"; };
		C536C6E02D9E07B0003F5180 /* EmployeeRepository.swift */ = {isa = PBXFileReference; lastKnownFileType = sourcecode.swift; path = EmployeeRepository.swift; sourceTree = "<group>"; };
		C536C6E22D9E07D1003F5180 /* EmployeeReportGenerator.swift */ = {isa = PBXFileReference; lastKnownFileType = sourcecode.swift; path = EmployeeReportGenerator.swift; sourceTree = "<group>"; };
		C536C72C2DA0A137003F5180 /* BadDiscountCalculator.swift */ = {isa = PBXFileReference; lastKnownFileType = sourcecode.swift; path = BadDiscountCalculator.swift; sourceTree = "<group>"; };
		C536C7312DA0C672003F5180 /* Product.swift */ = {isa = PBXFileReference; lastKnownFileType = sourcecode.swift; path = Product.swift; sourceTree = "<group>"; };
		C536C7332DA0C6BA003F5180 /* Book.swift */ = {isa = PBXFileReference; lastKnownFileType = sourcecode.swift; path = Book.swift; sourceTree = "<group>"; };
		C536C7352DA0C6F2003F5180 /* Electronic.swift */ = {isa = PBXFileReference; lastKnownFileType = sourcecode.swift; path = Electronic.swift; sourceTree = "<group>"; };
		C536C7372DA0C745003F5180 /* Food.swift */ = {isa = PBXFileReference; lastKnownFileType = sourcecode.swift; path = Food.swift; sourceTree = "<group>"; };
		C536C7392DA0C7CA003F5180 /* DiscountCalculator.swift */ = {isa = PBXFileReference; lastKnownFileType = sourcecode.swift; path = DiscountCalculator.swift; sourceTree = "<group>"; };
		C5472EF12DA35C400072728A /* BadRectangle.swift */ = {isa = PBXFileReference; lastKnownFileType = sourcecode.swift; path = BadRectangle.swift; sourceTree = "<group>"; };
		C5472EF32DA35CE20072728A /* Shape.swift */ = {isa = PBXFileReference; lastKnownFileType = sourcecode.swift; path = Shape.swift; sourceTree = "<group>"; };
		C5472EF52DA35CFC0072728A /* Rectangle.swift */ = {isa = PBXFileReference; lastKnownFileType = sourcecode.swift; path = Rectangle.swift; sourceTree = "<group>"; };
		C5472EF72DA35D5F0072728A /* Square.swift */ = {isa = PBXFileReference; lastKnownFileType = sourcecode.swift; path = Square.swift; sourceTree = "<group>"; };
		C5CDAC982DA4B96A004A0CE6 /* BadExemple.swift */ = {isa = PBXFileReference; lastKnownFileType = sourcecode.swift; path = BadExemple.swift; sourceTree = "<group>"; };
		C5CDAC9C2DA4B9AA004A0CE6 /* CorrectExemple.swift */ = {isa = PBXFileReference; lastKnownFileType = sourcecode.swift; path = CorrectExemple.swift; sourceTree = "<group>"; };
/* End PBXFileReference section */

/* Begin PBXFrameworksBuildPhase section */
		C536C6C02D9DF377003F5180 /* Frameworks */ = {
			isa = PBXFrameworksBuildPhase;
			buildActionMask = 2147483647;
			files = (
			);
			runOnlyForDeploymentPostprocessing = 0;
		};
/* End PBXFrameworksBuildPhase section */

/* Begin PBXGroup section */
		C536C6BA2D9DF377003F5180 = {
			isa = PBXGroup;
			children = (
				C536C6C42D9DF377003F5180 /* Products */,
				C536C6D02D9DF464003F5180 /* SOLIDCourse */,
			);
			sourceTree = "<group>";
		};
		C536C6C42D9DF377003F5180 /* Products */ = {
			isa = PBXGroup;
			children = (
				C536C6C32D9DF377003F5180 /* SOLIDCourse */,
			);
			name = Products;
			sourceTree = "<group>";
		};
		C536C6D02D9DF464003F5180 /* SOLIDCourse */ = {
			isa = PBXGroup;
			children = (
				C536C6D22D9DF46A003F5180 /* SRP */,
				C536C6D32D9DF473003F5180 /* OCP */,
				C536C6D42D9DF47B003F5180 /* LSP */,
				C536C6D52D9DF482003F5180 /* ISP */,
				C536C6D62D9DF48A003F5180 /* DIP */,
				C536C6CF2D9DF464003F5180 /* main.swift */,
			);
			path = SOLIDCourse;
			sourceTree = "<group>";
		};
		C536C6D22D9DF46A003F5180 /* SRP */ = {
			isa = PBXGroup;
			children = (
				C536C6D92D9DF576003F5180 /* Wrong */,
				C536C6DB2D9DF597003F5180 /* Correct */,
			);
			path = SRP;
			sourceTree = "<group>";
		};
		C536C6D32D9DF473003F5180 /* OCP */ = {
			isa = PBXGroup;
			children = (
				C536C72B2DA0A128003F5180 /* Wrong */,
				C536C72E2DA0C554003F5180 /* Correct */,
			);
			path = OCP;
			sourceTree = "<group>";
		};
		C536C6D42D9DF47B003F5180 /* LSP */ = {
			isa = PBXGroup;
			children = (
				C5472EEF2DA2F3F60072728A /* Wrong */,
				C5472EF02DA2F3FD0072728A /* Correct */,
			);
			path = LSP;
			sourceTree = "<group>";
		};
		C536C6D52D9DF482003F5180 /* ISP */ = {
			isa = PBXGroup;
			children = (
				C5CDAC972DA4B91B004A0CE6 /* Wrong */,
				C5CDAC9B2DA4B995004A0CE6 /* Correct */,
			);
			path = ISP;
			sourceTree = "<group>";
		};
		C536C6D62D9DF48A003F5180 /* DIP */ = {
			isa = PBXGroup;
			children = (
			);
			path = DIP;
			sourceTree = "<group>";
		};
		C536C6D92D9DF576003F5180 /* Wrong */ = {
			isa = PBXGroup;
			children = (
				C536C6D72D9DF509003F5180 /* BadEmployeeManager.swift */,
			);
			path = Wrong;
			sourceTree = "<group>";
		};
		C536C6DB2D9DF597003F5180 /* Correct */ = {
			isa = PBXGroup;
			children = (
				C536C6E22D9E07D1003F5180 /* EmployeeReportGenerator.swift */,
				C536C6E02D9E07B0003F5180 /* EmployeeRepository.swift */,
				C536C6DE2D9E0693003F5180 /* SalaryCalculator.swift */,
				C536C6DC2D9E0369003F5180 /* Employee.swift */,
			);
			path = Correct;
			sourceTree = "<group>";
		};
		C536C72B2DA0A128003F5180 /* Wrong */ = {
			isa = PBXGroup;
			children = (
				C536C72C2DA0A137003F5180 /* BadDiscountCalculator.swift */,
			);
			path = Wrong;
			sourceTree = "<group>";
		};
		C536C72E2DA0C554003F5180 /* Correct */ = {
			isa = PBXGroup;
			children = (
				C536C7312DA0C672003F5180 /* Product.swift */,
				C536C7392DA0C7CA003F5180 /* DiscountCalculator.swift */,
				C536C7372DA0C745003F5180 /* Food.swift */,
				C536C7352DA0C6F2003F5180 /* Electronic.swift */,
				C536C7332DA0C6BA003F5180 /* Book.swift */,
			);
			path = Correct;
			sourceTree = "<group>";
		};
		C5472EEF2DA2F3F60072728A /* Wrong */ = {
			isa = PBXGroup;
			children = (
				C5472EF12DA35C400072728A /* BadRectangle.swift */,
			);
			path = Wrong;
			sourceTree = "<group>";
		};
		C5472EF02DA2F3FD0072728A /* Correct */ = {
			isa = PBXGroup;
			children = (
				C5472EF72DA35D5F0072728A /* Square.swift */,
				C5472EF52DA35CFC0072728A /* Rectangle.swift */,
				C5472EF32DA35CE20072728A /* Shape.swift */,
			);
			path = Correct;
			sourceTree = "<group>";
		};
		C5CDAC972DA4B91B004A0CE6 /* Wrong */ = {
			isa = PBXGroup;
			children = (
				C5CDAC982DA4B96A004A0CE6 /* BadExemple.swift */,
			);
			path = Wrong;
			sourceTree = "<group>";
		};
		C5CDAC9B2DA4B995004A0CE6 /* Correct */ = {
			isa = PBXGroup;
			children = (
				C5CDAC9C2DA4B9AA004A0CE6 /* CorrectExemple.swift */,
			);
			path = Correct;
			sourceTree = "<group>";
		};
/* End PBXGroup section */

/* Begin PBXNativeTarget section */
		C536C6C22D9DF377003F5180 /* SOLIDCourse */ = {
			isa = PBXNativeTarget;
			buildConfigurationList = C536C6CA2D9DF377003F5180 /* Build configuration list for PBXNativeTarget "SOLIDCourse" */;
			buildPhases = (
				C536C6BF2D9DF377003F5180 /* Sources */,
				C536C6C02D9DF377003F5180 /* Frameworks */,
				C536C6C12D9DF377003F5180 /* CopyFiles */,
			);
			buildRules = (
			);
			dependencies = (
			);
			name = SOLIDCourse;
			packageProductDependencies = (
			);
			productName = SOLIDCource;
			productReference = C536C6C32D9DF377003F5180 /* SOLIDCourse */;
			productType = "com.apple.product-type.tool";
		};
/* End PBXNativeTarget section */

/* Begin PBXProject section */
		C536C6BB2D9DF377003F5180 /* Project object */ = {
			isa = PBXProject;
			attributes = {
				BuildIndependentTargetsInParallel = 1;
				LastSwiftUpdateCheck = 1630;
				LastUpgradeCheck = 1630;
				TargetAttributes = {
					C536C6C22D9DF377003F5180 = {
						CreatedOnToolsVersion = 16.3;
					};
				};
			};
			buildConfigurationList = C536C6BE2D9DF377003F5180 /* Build configuration list for PBXProject "SOLIDCourse" */;
			developmentRegion = en;
			hasScannedForEncodings = 0;
			knownRegions = (
				en,
				Base,
			);
			mainGroup = C536C6BA2D9DF377003F5180;
			minimizedProjectReferenceProxies = 1;
			preferredProjectObjectVersion = 77;
			productRefGroup = C536C6C42D9DF377003F5180 /* Products */;
			projectDirPath = "";
			projectRoot = "";
			targets = (
				C536C6C22D9DF377003F5180 /* SOLIDCourse */,
			);
		};
/* End PBXProject section */

/* Begin PBXSourcesBuildPhase section */
		C536C6BF2D9DF377003F5180 /* Sources */ = {
			isa = PBXSourcesBuildPhase;
			buildActionMask = 2147483647;
			files = (
				C5472EF62DA35D000072728A /* Rectangle.swift in Sources */,
				C536C6E12D9E07B2003F5180 /* EmployeeRepository.swift in Sources */,
				C536C6D82D9DF50A003F5180 /* BadEmployeeManager.swift in Sources */,
				C5CDAC992DA4B971004A0CE6 /* BadExemple.swift in Sources */,
				C536C6DD2D9E0373003F5180 /* Employee.swift in Sources */,
				C5472EF42DA35CE40072728A /* Shape.swift in Sources */,
				C536C7322DA0C672003F5180 /* Product.swift in Sources */,
				C536C6E32D9E07D3003F5180 /* EmployeeReportGenerator.swift in Sources */,
				C536C7362DA0C6F6003F5180 /* Electronic.swift in Sources */,
				C5472EF82DA35D620072728A /* Square.swift in Sources */,
				C536C73A2DA0C7CB003F5180 /* DiscountCalculator.swift in Sources */,
				C536C7342DA0C6BD003F5180 /* Book.swift in Sources */,
				C536C72D2DA0A13C003F5180 /* BadDiscountCalculator.swift in Sources */,
				C536C6D12D9DF464003F5180 /* main.swift in Sources */,
				C5472EF22DA35C440072728A /* BadRectangle.swift in Sources */,
				C5CDAC9D2DA4B9AE004A0CE6 /* CorrectExemple.swift in Sources */,
				C536C6DF2D9E0697003F5180 /* SalaryCalculator.swift in Sources */,
				C536C7382DA0C747003F5180 /* Food.swift in Sources */,
			);
			runOnlyForDeploymentPostprocessing = 0;
		};
/* End PBXSourcesBuildPhase section */

/* Begin XCBuildConfiguration section */
		C536C6C82D9DF377003F5180 /* Debug */ = {
			isa = XCBuildConfiguration;
			buildSettings = {
				ALWAYS_SEARCH_USER_PATHS = NO;
				ASSETCATALOG_COMPILER_GENERATE_SWIFT_ASSET_SYMBOL_EXTENSIONS = YES;
				CLANG_ANALYZER_NONNULL = YES;
				CLANG_ANALYZER_NUMBER_OBJECT_CONVERSION = YES_AGGRESSIVE;
				CLANG_CXX_LANGUAGE_STANDARD = "gnu++20";
				CLANG_ENABLE_MODULES = YES;
				CLANG_ENABLE_OBJC_ARC = YES;
				CLANG_ENABLE_OBJC_WEAK = YES;
				CLANG_WARN_BLOCK_CAPTURE_AUTORELEASING = YES;
				CLANG_WARN_BOOL_CONVERSION = YES;
				CLANG_WARN_COMMA = YES;
				CLANG_WARN_CONSTANT_CONVERSION = YES;
				CLANG_WARN_DEPRECATED_OBJC_IMPLEMENTATIONS = YES;
				CLANG_WARN_DIRECT_OBJC_ISA_USAGE = YES_ERROR;
				CLANG_WARN_DOCUMENTATION_COMMENTS = YES;
				CLANG_WARN_EMPTY_BODY = YES;
				CLANG_WARN_ENUM_CONVERSION = YES;
				CLANG_WARN_INFINITE_RECURSION = YES;
				CLANG_WARN_INT_CONVERSION = YES;
				CLANG_WARN_NON_LITERAL_NULL_CONVERSION = YES;
				CLANG_WARN_OBJC_IMPLICIT_RETAIN_SELF = YES;
				CLANG_WARN_OBJC_LITERAL_CONVERSION = YES;
				CLANG_WARN_OBJC_ROOT_CLASS = YES_ERROR;
				CLANG_WARN_QUOTED_INCLUDE_IN_FRAMEWORK_HEADER = YES;
				CLANG_WARN_RANGE_LOOP_ANALYSIS = YES;
				CLANG_WARN_STRICT_PROTOTYPES = YES;
				CLANG_WARN_SUSPICIOUS_MOVE = YES;
				CLANG_WARN_UNGUARDED_AVAILABILITY = YES_AGGRESSIVE;
				CLANG_WARN_UNREACHABLE_CODE = YES;
				CLANG_WARN__DUPLICATE_METHOD_MATCH = YES;
				COPY_PHASE_STRIP = NO;
				DEBUG_INFORMATION_FORMAT = dwarf;
				DEVELOPMENT_TEAM = KA74A9Q966;
				ENABLE_STRICT_OBJC_MSGSEND = YES;
				ENABLE_TESTABILITY = YES;
				ENABLE_USER_SCRIPT_SANDBOXING = YES;
				GCC_C_LANGUAGE_STANDARD = gnu17;
				GCC_DYNAMIC_NO_PIC = NO;
				GCC_NO_COMMON_BLOCKS = YES;
				GCC_OPTIMIZATION_LEVEL = 0;
				GCC_PREPROCESSOR_DEFINITIONS = (
					"DEBUG=1",
					"$(inherited)",
				);
				GCC_WARN_64_TO_32_BIT_CONVERSION = YES;
				GCC_WARN_ABOUT_RETURN_TYPE = YES_ERROR;
				GCC_WARN_UNDECLARED_SELECTOR = YES;
				GCC_WARN_UNINITIALIZED_AUTOS = YES_AGGRESSIVE;
				GCC_WARN_UNUSED_FUNCTION = YES;
				GCC_WARN_UNUSED_VARIABLE = YES;
				LOCALIZATION_PREFERS_STRING_CATALOGS = YES;
				MACOSX_DEPLOYMENT_TARGET = 15.4;
				MTL_ENABLE_DEBUG_INFO = INCLUDE_SOURCE;
				MTL_FAST_MATH = YES;
				ONLY_ACTIVE_ARCH = YES;
				SDKROOT = macosx;
				SWIFT_ACTIVE_COMPILATION_CONDITIONS = "DEBUG $(inherited)";
				SWIFT_OPTIMIZATION_LEVEL = "-Onone";
			};
			name = Debug;
		};
		C536C6C92D9DF377003F5180 /* Release */ = {
			isa = XCBuildConfiguration;
			buildSettings = {
				ALWAYS_SEARCH_USER_PATHS = NO;
				ASSETCATALOG_COMPILER_GENERATE_SWIFT_ASSET_SYMBOL_EXTENSIONS = YES;
				CLANG_ANALYZER_NONNULL = YES;
				CLANG_ANALYZER_NUMBER_OBJECT_CONVERSION = YES_AGGRESSIVE;
				CLANG_CXX_LANGUAGE_STANDARD = "gnu++20";
				CLANG_ENABLE_MODULES = YES;
				CLANG_ENABLE_OBJC_ARC = YES;
				CLANG_ENABLE_OBJC_WEAK = YES;
				CLANG_WARN_BLOCK_CAPTURE_AUTORELEASING = YES;
				CLANG_WARN_BOOL_CONVERSION = YES;
				CLANG_WARN_COMMA = YES;
				CLANG_WARN_CONSTANT_CONVERSION = YES;
				CLANG_WARN_DEPRECATED_OBJC_IMPLEMENTATIONS = YES;
				CLANG_WARN_DIRECT_OBJC_ISA_USAGE = YES_ERROR;
				CLANG_WARN_DOCUMENTATION_COMMENTS = YES;
				CLANG_WARN_EMPTY_BODY = YES;
				CLANG_WARN_ENUM_CONVERSION = YES;
				CLANG_WARN_INFINITE_RECURSION = YES;
				CLANG_WARN_INT_CONVERSION = YES;
				CLANG_WARN_NON_LITERAL_NULL_CONVERSION = YES;
				CLANG_WARN_OBJC_IMPLICIT_RETAIN_SELF = YES;
				CLANG_WARN_OBJC_LITERAL_CONVERSION = YES;
				CLANG_WARN_OBJC_ROOT_CLASS = YES_ERROR;
				CLANG_WARN_QUOTED_INCLUDE_IN_FRAMEWORK_HEADER = YES;
				CLANG_WARN_RANGE_LOOP_ANALYSIS = YES;
				CLANG_WARN_STRICT_PROTOTYPES = YES;
				CLANG_WARN_SUSPICIOUS_MOVE = YES;
				CLANG_WARN_UNGUARDED_AVAILABILITY = YES_AGGRESSIVE;
				CLANG_WARN_UNREACHABLE_CODE = YES;
				CLANG_WARN__DUPLICATE_METHOD_MATCH = YES;
				COPY_PHASE_STRIP = NO;
				DEBUG_INFORMATION_FORMAT = "dwarf-with-dsym";
				DEVELOPMENT_TEAM = KA74A9Q966;
				ENABLE_NS_ASSERTIONS = NO;
				ENABLE_STRICT_OBJC_MSGSEND = YES;
				ENABLE_USER_SCRIPT_SANDBOXING = YES;
				GCC_C_LANGUAGE_STANDARD = gnu17;
				GCC_NO_COMMON_BLOCKS = YES;
				GCC_WARN_64_TO_32_BIT_CONVERSION = YES;
				GCC_WARN_ABOUT_RETURN_TYPE = YES_ERROR;
				GCC_WARN_UNDECLARED_SELECTOR = YES;
				GCC_WARN_UNINITIALIZED_AUTOS = YES_AGGRESSIVE;
				GCC_WARN_UNUSED_FUNCTION = YES;
				GCC_WARN_UNUSED_VARIABLE = YES;
				LOCALIZATION_PREFERS_STRING_CATALOGS = YES;
				MACOSX_DEPLOYMENT_TARGET = 15.4;
				MTL_ENABLE_DEBUG_INFO = NO;
				MTL_FAST_MATH = YES;
				SDKROOT = macosx;
				SWIFT_COMPILATION_MODE = wholemodule;
			};
			name = Release;
		};
		C536C6CB2D9DF377003F5180 /* Debug */ = {
			isa = XCBuildConfiguration;
			buildSettings = {
				CODE_SIGN_STYLE = Automatic;
				DEVELOPMENT_TEAM = KA74A9Q966;
				ENABLE_HARDENED_RUNTIME = YES;
				PRODUCT_NAME = "$(TARGET_NAME)";
				SWIFT_VERSION = 5.0;
			};
			name = Debug;
		};
		C536C6CC2D9DF377003F5180 /* Release */ = {
			isa = XCBuildConfiguration;
			buildSettings = {
				CODE_SIGN_STYLE = Automatic;
				DEVELOPMENT_TEAM = KA74A9Q966;
				ENABLE_HARDENED_RUNTIME = YES;
				PRODUCT_NAME = "$(TARGET_NAME)";
				SWIFT_VERSION = 5.0;
			};
			name = Release;
		};
/* End XCBuildConfiguration section */

/* Begin XCConfigurationList section */
		C536C6BE2D9DF377003F5180 /* Build configuration list for PBXProject "SOLIDCourse" */ = {
			isa = XCConfigurationList;
			buildConfigurations = (
				C536C6C82D9DF377003F5180 /* Debug */,
				C536C6C92D9DF377003F5180 /* Release */,
			);
			defaultConfigurationIsVisible = 0;
			defaultConfigurationName = Release;
		};
		C536C6CA2D9DF377003F5180 /* Build configuration list for PBXNativeTarget "SOLIDCourse" */ = {
			isa = XCConfigurationList;
			buildConfigurations = (
				C536C6CB2D9DF377003F5180 /* Debug */,
				C536C6CC2D9DF377003F5180 /* Release */,
			);
			defaultConfigurationIsVisible = 0;
			defaultConfigurationName = Release;
		};
/* End XCConfigurationList section */
	};
	rootObject = C536C6BB2D9DF377003F5180 /* Project object */;
}
